
Microsoft Visual Studio Solution File, Format Version 12.00
# Visual Studio Version 17
VisualStudioVersion = 17.9.34728.123
MinimumVisualStudioVersion = 10.0.40219.1
Project("{FAE04EC0-301F-11D3-BF4B-00C04F79EFBC}") = "PixelBridge.SendData NoTextBox", "PixelBridge.SendData NoTextBox\PixelBridge.SendData NoTextBox.csproj", "{C7C0542D-0C13-FE03-71F3-FB1842030FE9}"
EndProject
Project("{FAE04EC0-301F-11D3-BF4B-00C04F79EFBC}") = "PixelBridge.SendData", "PixelBridge.SendData\PixelBridge.SendData.csproj", "{8AAE3530-151A-8B62-9AF5-5B732BB31D90}"
EndProject
Project("{FAE04EC0-301F-11D3-BF4B-00C04F79EFBC}") = "PixelBridge", "PixelBridge - V2.0\PixelBridge.csproj", "{1F80A129-8C5C-6706-90DF-5E04A9FABC4A}"
EndProject
Global
	GlobalSection(SolutionConfigurationPlatforms) = preSolution
		Debug|Any CPU = Debug|Any CPU
		Release|Any CPU = Release|Any CPU
	EndGlobalSection
	GlobalSection(ProjectConfigurationPlatforms) = postSolution
		{C7C0542D-0C13-FE03-71F3-FB1842030FE9}.Debug|Any CPU.ActiveCfg = Debug|Any CPU
		{C7C0542D-0C13-FE03-71F3-FB1842030FE9}.Debug|Any CPU.Build.0 = Debug|Any CPU
		{C7C0542D-0C13-FE03-71F3-FB1842030FE9}.Release|Any CPU.ActiveCfg = Release|Any CPU
		{C7C0542D-0C13-FE03-71F3-FB1842030FE9}.Release|Any CPU.Build.0 = Release|Any CPU
		{8AAE3530-151A-8B62-9AF5-5B732BB31D90}.Debug|Any CPU.ActiveCfg = Debug|Any CPU
		{8AAE3530-151A-8B62-9AF5-5B732BB31D90}.Debug|Any CPU.Build.0 = Debug|Any CPU
		{8AAE3530-151A-8B62-9AF5-5B732BB31D90}.Release|Any CPU.ActiveCfg = Release|Any CPU
		{8AAE3530-151A-8B62-9AF5-5B732BB31D90}.Release|Any CPU.Build.0 = Release|Any CPU
		{1F80A129-8C5C-6706-90DF-5E04A9FABC4A}.Debug|Any CPU.ActiveCfg = Debug|Any CPU
		{1F80A129-8C5C-6706-90DF-5E04A9FABC4A}.Debug|Any CPU.Build.0 = Debug|Any CPU
		{1F80A129-8C5C-6706-90DF-5E04A9FABC4A}.Release|Any CPU.ActiveCfg = Release|Any CPU
		{1F80A129-8C5C-6706-90DF-5E04A9FABC4A}.Release|Any CPU.Build.0 = Release|Any CPU
	EndGlobalSection
	GlobalSection(SolutionProperties) = preSolution
		HideSolutionNode = FALSE
	EndGlobalSection
	GlobalSection(ExtensibilityGlobals) = postSolution
		SolutionGuid = {FFB7F937-5615-40D5-9BBD-ACBDCC584D25}
	EndGlobalSection
EndGlobal
